// !$*UTF8*$!
{
	archiveVersion = 1;
	classes = {
	};
	objectVersion = 56;
	objects = {

/* Begin PBXBuildFile section */
		3A35D1BD2AFF887A00DE2294 /* AppDelegate.swift in Sources */ = {isa = PBXBuildFile; fileRef = 3A35D1BC2AFF887A00DE2294 /* AppDelegate.swift */; };
		3A35D1BF2AFF887A00DE2294 /* SceneDelegate.swift in Sources */ = {isa = PBXBuildFile; fileRef = 3A35D1BE2AFF887A00DE2294 /* SceneDelegate.swift */; };
		3A35D1C12AFF887A00DE2294 /* ViewController.swift in Sources */ = {isa = PBXBuildFile; fileRef = 3A35D1C02AFF887A00DE2294 /* ViewController.swift */; };
		3A35D1C42AFF887A00DE2294 /* Main.storyboard in Resources */ = {isa = PBXBuildFile; fileRef = 3A35D1C22AFF887A00DE2294 /* Main.storyboard */; };
		3A35D1C62AFF887C00DE2294 /* Assets.xcassets in Resources */ = {isa = PBXBuildFile; fileRef = 3A35D1C52AFF887C00DE2294 /* Assets.xcassets */; };
		3A35D1C92AFF887C00DE2294 /* LaunchScreen.storyboard in Resources */ = {isa = PBXBuildFile; fileRef = 3A35D1C72AFF887C00DE2294 /* LaunchScreen.storyboard */; };
		3A35D1D42AFF887C00DE2294 /* HorizonPowerTests.swift in Sources */ = {isa = PBXBuildFile; fileRef = 3A35D1D32AFF887C00DE2294 /* HorizonPowerTests.swift */; };
		3A35D1DE2AFF887C00DE2294 /* HorizonPowerUITests.swift in Sources */ = {isa = PBXBuildFile; fileRef = 3A35D1DD2AFF887C00DE2294 /* HorizonPowerUITests.swift */; };
		3A35D1E02AFF887C00DE2294 /* HorizonPowerUITestsLaunchTests.swift in Sources */ = {isa = PBXBuildFile; fileRef = 3A35D1DF2AFF887C00DE2294 /* HorizonPowerUITestsLaunchTests.swift */; };
/* End PBXBuildFile section */

/* Begin PBXContainerItemProxy section */
		3A35D1D02AFF887C00DE2294 /* PBXContainerItemProxy */ = {
			isa = PBXContainerItemProxy;
			containerPortal = 3A35D1B12AFF887A00DE2294 /* Project object */;
			proxyType = 1;
			remoteGlobalIDString = 3A35D1B82AFF887A00DE2294;
			remoteInfo = HorizonPower;
		};
		3A35D1DA2AFF887C00DE2294 /* PBXContainerItemProxy */ = {
			isa = PBXContainerItemProxy;
			containerPortal = 3A35D1B12AFF887A00DE2294 /* Project object */;
			proxyType = 1;
			remoteGlobalIDString = 3A35D1B82AFF887A00DE2294;
			remoteInfo = HorizonPower;
		};
/* End PBXContainerItemProxy section */

/* Begin PBXFileReference section */
		3A35D1B92AFF887A00DE2294 /* HorizonPower.app */ = {isa = PBXFileReference; explicitFileType = wrapper.application; includeInIndex = 0; path = HorizonPower.app; sourceTree = BUILT_PRODUCTS_DIR; };
		3A35D1BC2AFF887A00DE2294 /* AppDelegate.swift */ = {isa = PBXFileReference; lastKnownFileType = sourcecode.swift; path = AppDelegate.swift; sourceTree = "<group>"; };
		3A35D1BE2AFF887A00DE2294 /* SceneDelegate.swift */ = {isa = PBXFileReference; lastKnownFileType = sourcecode.swift; path = SceneDelegate.swift; sourceTree = "<group>"; };
		3A35D1C02AFF887A00DE2294 /* ViewController.swift */ = {isa = PBXFileReference; lastKnownFileType = sourcecode.swift; path = ViewController.swift; sourceTree = "<group>"; };
		3A35D1C32AFF887A00DE2294 /* Base */ = {isa = PBXFileReference; lastKnownFileType = file.storyboard; name = Base; path = Base.lproj/Main.storyboard; sourceTree = "<group>"; };
		3A35D1C52AFF887C00DE2294 /* Assets.xcassets */ = {isa = PBXFileReference; lastKnownFileType = folder.assetcatalog; path = Assets.xcassets; sourceTree = "<group>"; };
		3A35D1C82AFF887C00DE2294 /* Base */ = {isa = PBXFileReference; lastKnownFileType = file.storyboard; name = Base; path = Base.lproj/LaunchScreen.storyboard; sourceTree = "<group>"; };
		3A35D1CA2AFF887C00DE2294 /* Info.plist */ = {isa = PBXFileReference; lastKnownFileType = text.plist.xml; path = Info.plist; sourceTree = "<group>"; };
		3A35D1CF2AFF887C00DE2294 /* HorizonPowerTests.xctest */ = {isa = PBXFileReference; explicitFileType = wrapper.cfbundle; includeInIndex = 0; path = HorizonPowerTests.xctest; sourceTree = BUILT_PRODUCTS_DIR; };
		3A35D1D32AFF887C00DE2294 /* HorizonPowerTests.swift */ = {isa = PBXFileReference; lastKnownFileType = sourcecode.swift; path = HorizonPowerTests.swift; sourceTree = "<group>"; };
		3A35D1D92AFF887C00DE2294 /* HorizonPowerUITests.xctest */ = {isa = PBXFileReference; explicitFileType = wrapper.cfbundle; includeInIndex = 0; path = HorizonPowerUITests.xctest; sourceTree = BUILT_PRODUCTS_DIR; };
		3A35D1DD2AFF887C00DE2294 /* HorizonPowerUITests.swift */ = {isa = PBXFileReference; lastKnownFileType = sourcecode.swift; path = HorizonPowerUITests.swift; sourceTree = "<group>"; };
		3A35D1DF2AFF887C00DE2294 /* HorizonPowerUITestsLaunchTests.swift */ = {isa = PBXFileReference; lastKnownFileType = sourcecode.swift; path = HorizonPowerUITestsLaunchTests.swift; sourceTree = "<group>"; };
/* End PBXFileReference section */

/* Begin PBXFrameworksBuildPhase section */
		3A35D1B62AFF887A00DE2294 /* Frameworks */ = {
			isa = PBXFrameworksBuildPhase;
			buildActionMask = 2147483647;
			files = (
			);
			runOnlyForDeploymentPostprocessing = 0;
		};
		3A35D1CC2AFF887C00DE2294 /* Frameworks */ = {
			isa = PBXFrameworksBuildPhase;
			buildActionMask = 2147483647;
			files = (
			);
			runOnlyForDeploymentPostprocessing = 0;
		};
		3A35D1D62AFF887C00DE2294 /* Frameworks */ = {
			isa = PBXFrameworksBuildPhase;
			buildActionMask = 2147483647;
			files = (
			);
			runOnlyForDeploymentPostprocessing = 0;
		};
/* End PBXFrameworksBuildPhase section */

/* Begin PBXGroup section */
		3A35D1B02AFF887A00DE2294 = {
			isa = PBXGroup;
			children = (
				3A35D1BB2AFF887A00DE2294 /* HorizonPower */,
				3A35D1D22AFF887C00DE2294 /* HorizonPowerTests */,
				3A35D1DC2AFF887C00DE2294 /* HorizonPowerUITests */,
				3A35D1BA2AFF887A00DE2294 /* Products */,
			);
			sourceTree = "<group>";
		};
		3A35D1BA2AFF887A00DE2294 /* Products */ = {
			isa = PBXGroup;
			children = (
				3A35D1B92AFF887A00DE2294 /* HorizonPower.app */,
				3A35D1CF2AFF887C00DE2294 /* HorizonPowerTests.xctest */,
				3A35D1D92AFF887C00DE2294 /* HorizonPowerUITests.xctest */,
			);
			name = Products;
			sourceTree = "<group>";
		};
		3A35D1BB2AFF887A00DE2294 /* HorizonPower */ = {
			isa = PBXGroup;
			children = (
				3A35D1BC2AFF887A00DE2294 /* AppDelegate.swift */,
				3A35D1BE2AFF887A00DE2294 /* SceneDelegate.swift */,
				3A35D1C02AFF887A00DE2294 /* ViewController.swift */,
				3A35D1C22AFF887A00DE2294 /* Main.storyboard */,
				3A35D1C52AFF887C00DE2294 /* Assets.xcassets */,
				3A35D1C72AFF887C00DE2294 /* LaunchScreen.storyboard */,
				3A35D1CA2AFF887C00DE2294 /* Info.plist */,
			);
			path = HorizonPower;
			sourceTree = "<group>";
		};
		3A35D1D22AFF887C00DE2294 /* HorizonPowerTests */ = {
			isa = PBXGroup;
			children = (
				3A35D1D32AFF887C00DE2294 /* HorizonPowerTests.swift */,
			);
			path = HorizonPowerTests;
			sourceTree = "<group>";
		};
		3A35D1DC2AFF887C00DE2294 /* HorizonPowerUITests */ = {
			isa = PBXGroup;
			children = (
				3A35D1DD2AFF887C00DE2294 /* HorizonPowerUITests.swift */,
				3A35D1DF2AFF887C00DE2294 /* HorizonPowerUITestsLaunchTests.swift */,
			);
			path = HorizonPowerUITests;
			sourceTree = "<group>";
		};
/* End PBXGroup section */

/* Begin PBXNativeTarget section */
		3A35D1B82AFF887A00DE2294 /* HorizonPower */ = {
			isa = PBXNativeTarget;
			buildConfigurationList = 3A35D1E32AFF887C00DE2294 /* Build configuration list for PBXNativeTarget "HorizonPower" */;
			buildPhases = (
				3A35D1B52AFF887A00DE2294 /* Sources */,
				3A35D1B62AFF887A00DE2294 /* Frameworks */,
				3A35D1B72AFF887A00DE2294 /* Resources */,
			);
			buildRules = (
			);
			dependencies = (
			);
			name = HorizonPower;
			productName = HorizonPower;
			productReference = 3A35D1B92AFF887A00DE2294 /* HorizonPower.app */;
			productType = "com.apple.product-type.application";
		};
		3A35D1CE2AFF887C00DE2294 /* HorizonPowerTests */ = {
			isa = PBXNativeTarget;
			buildConfigurationList = 3A35D1E62AFF887C00DE2294 /* Build configuration list for PBXNativeTarget "HorizonPowerTests" */;
			buildPhases = (
				3A35D1CB2AFF887C00DE2294 /* Sources */,
				3A35D1CC2AFF887C00DE2294 /* Frameworks */,
				3A35D1CD2AFF887C00DE2294 /* Resources */,
			);
			buildRules = (
			);
			dependencies = (
				3A35D1D12AFF887C00DE2294 /* PBXTargetDependency */,
			);
			name = HorizonPowerTests;
			productName = HorizonPowerTests;
			productReference = 3A35D1CF2AFF887C00DE2294 /* HorizonPowerTests.xctest */;
			productType = "com.apple.product-type.bundle.unit-test";
		};
		3A35D1D82AFF887C00DE2294 /* HorizonPowerUITests */ = {
			isa = PBXNativeTarget;
			buildConfigurationList = 3A35D1E92AFF887C00DE2294 /* Build configuration list for PBXNativeTarget "HorizonPowerUITests" */;
			buildPhases = (
				3A35D1D52AFF887C00DE2294 /* Sources */,
				3A35D1D62AFF887C00DE2294 /* Frameworks */,
				3A35D1D72AFF887C00DE2294 /* Resources */,
			);
			buildRules = (
			);
			dependencies = (
				3A35D1DB2AFF887C00DE2294 /* PBXTargetDependency */,
			);
			name = HorizonPowerUITests;
			productName = HorizonPowerUITests;
			productReference = 3A35D1D92AFF887C00DE2294 /* HorizonPowerUITests.xctest */;
			productType = "com.apple.product-type.bundle.ui-testing";
		};
/* End PBXNativeTarget section */

/* Begin PBXProject section */
		3A35D1B12AFF887A00DE2294 /* Project object */ = {
			isa = PBXProject;
			attributes = {
				BuildIndependentTargetsInParallel = 1;
				LastSwiftUpdateCheck = 1500;
				LastUpgradeCheck = 1500;
				TargetAttributes = {
					3A35D1B82AFF887A00DE2294 = {
						CreatedOnToolsVersion = 15.0.1;
					};
					3A35D1CE2AFF887C00DE2294 = {
						CreatedOnToolsVersion = 15.0.1;
						TestTargetID = 3A35D1B82AFF887A00DE2294;
					};
					3A35D1D82AFF887C00DE2294 = {
						CreatedOnToolsVersion = 15.0.1;
						TestTargetID = 3A35D1B82AFF887A00DE2294;
					};
				};
			};
			buildConfigurationList = 3A35D1B42AFF887A00DE2294 /* Build configuration list for PBXProject "HorizonPower" */;
			compatibilityVersion = "Xcode 14.0";
			developmentRegion = en;
			hasScannedForEncodings = 0;
			knownRegions = (
				en,
				Base,
			);
			mainGroup = 3A35D1B02AFF887A00DE2294;
			productRefGroup = 3A35D1BA2AFF887A00DE2294 /* Products */;
			projectDirPath = "";
			projectRoot = "";
			targets = (
				3A35D1B82AFF887A00DE2294 /* HorizonPower */,
				3A35D1CE2AFF887C00DE2294 /* HorizonPowerTests */,
				3A35D1D82AFF887C00DE2294 /* HorizonPowerUITests */,
			);
		};
/* End PBXProject section */

/* Begin PBXResourcesBuildPhase section */
		3A35D1B72AFF887A00DE2294 /* Resources */ = {
			isa = PBXResourcesBuildPhase;
			buildActionMask = 2147483647;
			files = (
				3A35D1C92AFF887C00DE2294 /* LaunchScreen.storyboard in Resources */,
				3A35D1C62AFF887C00DE2294 /* Assets.xcassets in Resources */,
				3A35D1C42AFF887A00DE2294 /* Main.storyboard in Resources */,
			);
			runOnlyForDeploymentPostprocessing = 0;
		};
		3A35D1CD2AFF887C00DE2294 /* Resources */ = {
			isa = PBXResourcesBuildPhase;
			buildActionMask = 2147483647;
			files = (
			);
			runOnlyForDeploymentPostprocessing = 0;
		};
		3A35D1D72AFF887C00DE2294 /* Resources */ = {
			isa = PBXResourcesBuildPhase;
			buildActionMask = 2147483647;
			files = (
			);
			runOnlyForDeploymentPostprocessing = 0;
		};
/* End PBXResourcesBuildPhase section */

/* Begin PBXSourcesBuildPhase section */
		3A35D1B52AFF887A00DE2294 /* Sources */ = {
			isa = PBXSourcesBuildPhase;
			buildActionMask = 2147483647;
			files = (
				3A35D1C12AFF887A00DE2294 /* ViewController.swift in Sources */,
				3A35D1BD2AFF887A00DE2294 /* AppDelegate.swift in Sources */,
				3A35D1BF2AFF887A00DE2294 /* SceneDelegate.swift in Sources */,
			);
			runOnlyForDeploymentPostprocessing = 0;
		};
		3A35D1CB2AFF887C00DE2294 /* Sources */ = {
			isa = PBXSourcesBuildPhase;
			buildActionMask = 2147483647;
			files = (
				3A35D1D42AFF887C00DE2294 /* HorizonPowerTests.swift in Sources */,
			);
			runOnlyForDeploymentPostprocessing = 0;
		};
		3A35D1D52AFF887C00DE2294 /* Sources */ = {
			isa = PBXSourcesBuildPhase;
			buildActionMask = 2147483647;
			files = (
				3A35D1E02AFF887C00DE2294 /* HorizonPowerUITestsLaunchTests.swift in Sources */,
				3A35D1DE2AFF887C00DE2294 /* HorizonPowerUITests.swift in Sources */,
			);
			runOnlyForDeploymentPostprocessing = 0;
		};
/* End PBXSourcesBuildPhase section */

/* Begin PBXTargetDependency section */
		3A35D1D12AFF887C00DE2294 /* PBXTargetDependency */ = {
			isa = PBXTargetDependency;
			target = 3A35D1B82AFF887A00DE2294 /* HorizonPower */;
			targetProxy = 3A35D1D02AFF887C00DE2294 /* PBXContainerItemProxy */;
		};
		3A35D1DB2AFF887C00DE2294 /* PBXTargetDependency */ = {
			isa = PBXTargetDependency;
			target = 3A35D1B82AFF887A00DE2294 /* HorizonPower */;
			targetProxy = 3A35D1DA2AFF887C00DE2294 /* PBXContainerItemProxy */;
		};
/* End PBXTargetDependency section */

/* Begin PBXVariantGroup section */
		3A35D1C22AFF887A00DE2294 /* Main.storyboard */ = {
			isa = PBXVariantGroup;
			children = (
				3A35D1C32AFF887A00DE2294 /* Base */,
			);
			name = Main.storyboard;
			sourceTree = "<group>";
		};
		3A35D1C72AFF887C00DE2294 /* LaunchScreen.storyboard */ = {
			isa = PBXVariantGroup;
			children = (
				3A35D1C82AFF887C00DE2294 /* Base */,
			);
			name = LaunchScreen.storyboard;
			sourceTree = "<group>";
		};
/* End PBXVariantGroup section */

/* Begin XCBuildConfiguration section */
		3A35D1E12AFF887C00DE2294 /* Debug */ = {
			isa = XCBuildConfiguration;
			buildSettings = {
				ALWAYS_SEARCH_USER_PATHS = NO;
				ASSETCATALOG_COMPILER_GENERATE_SWIFT_ASSET_SYMBOL_EXTENSIONS = YES;
				CLANG_ANALYZER_NONNULL = YES;
				CLANG_ANALYZER_NUMBER_OBJECT_CONVERSION = YES_AGGRESSIVE;
				CLANG_CXX_LANGUAGE_STANDARD = "gnu++20";
				CLANG_ENABLE_MODULES = YES;
				CLANG_ENABLE_OBJC_ARC = YES;
				CLANG_ENABLE_OBJC_WEAK = YES;
				CLANG_WARN_BLOCK_CAPTURE_AUTORELEASING = YES;
				CLANG_WARN_BOOL_CONVERSION = YES;
				CLANG_WARN_COMMA = YES;
				CLANG_WARN_CONSTANT_CONVERSION = YES;
				CLANG_WARN_DEPRECATED_OBJC_IMPLEMENTATIONS = YES;
				CLANG_WARN_DIRECT_OBJC_ISA_USAGE = YES_ERROR;
				CLANG_WARN_DOCUMENTATION_COMMENTS = YES;
				CLANG_WARN_EMPTY_BODY = YES;
				CLANG_WARN_ENUM_CONVERSION = YES;
				CLANG_WARN_INFINITE_RECURSION = YES;
				CLANG_WARN_INT_CONVERSION = YES;
				CLANG_WARN_NON_LITERAL_NULL_CONVERSION = YES;
				CLANG_WARN_OBJC_IMPLICIT_RETAIN_SELF = YES;
				CLANG_WARN_OBJC_LITERAL_CONVERSION = YES;
				CLANG_WARN_OBJC_ROOT_CLASS = YES_ERROR;
				CLANG_WARN_QUOTED_INCLUDE_IN_FRAMEWORK_HEADER = YES;
				CLANG_WARN_RANGE_LOOP_ANALYSIS = YES;
				CLANG_WARN_STRICT_PROTOTYPES = YES;
				CLANG_WARN_SUSPICIOUS_MOVE = YES;
				CLANG_WARN_UNGUARDED_AVAILABILITY = YES_AGGRESSIVE;
				CLANG_WARN_UNREACHABLE_CODE = YES;
				CLANG_WARN__DUPLICATE_METHOD_MATCH = YES;
				COPY_PHASE_STRIP = NO;
				DEBUG_INFORMATION_FORMAT = dwarf;
				ENABLE_STRICT_OBJC_MSGSEND = YES;
				ENABLE_TESTABILITY = YES;
				ENABLE_USER_SCRIPT_SANDBOXING = YES;
				GCC_C_LANGUAGE_STANDARD = gnu17;
				GCC_DYNAMIC_NO_PIC = NO;
				GCC_NO_COMMON_BLOCKS = YES;
				GCC_OPTIMIZATION_LEVEL = 0;
				GCC_PREPROCESSOR_DEFINITIONS = (
					"DEBUG=1",
					"$(inherited)",
				);
				GCC_WARN_64_TO_32_BIT_CONVERSION = YES;
				GCC_WARN_ABOUT_RETURN_TYPE = YES_ERROR;
				GCC_WARN_UNDECLARED_SELECTOR = YES;
				GCC_WARN_UNINITIALIZED_AUTOS = YES_AGGRESSIVE;
				GCC_WARN_UNUSED_FUNCTION = YES;
				GCC_WARN_UNUSED_VARIABLE = YES;
				IPHONEOS_DEPLOYMENT_TARGET = 17.0;
				LOCALIZATION_PREFERS_STRING_CATALOGS = YES;
				MTL_ENABLE_DEBUG_INFO = INCLUDE_SOURCE;
				MTL_FAST_MATH = YES;
				ONLY_ACTIVE_ARCH = YES;
				SDKROOT = iphoneos;
				SWIFT_ACTIVE_COMPILATION_CONDITIONS = "DEBUG $(inherited)";
				SWIFT_OPTIMIZATION_LEVEL = "-Onone";
			};
			name = Debug;
		};
		3A35D1E22AFF887C00DE2294 /* Release */ = {
			isa = XCBuildConfiguration;
			buildSettings = {
				ALWAYS_SEARCH_USER_PATHS = NO;
				ASSETCATALOG_COMPILER_GENERATE_SWIFT_ASSET_SYMBOL_EXTENSIONS = YES;
				CLANG_ANALYZER_NONNULL = YES;
				CLANG_ANALYZER_NUMBER_OBJECT_CONVERSION = YES_AGGRESSIVE;
				CLANG_CXX_LANGUAGE_STANDARD = "gnu++20";
				CLANG_ENABLE_MODULES = YES;
				CLANG_ENABLE_OBJC_ARC = YES;
				CLANG_ENABLE_OBJC_WEAK = YES;
				CLANG_WARN_BLOCK_CAPTURE_AUTORELEASING = YES;
				CLANG_WARN_BOOL_CONVERSION = YES;
				CLANG_WARN_COMMA = YES;
				CLANG_WARN_CONSTANT_CONVERSION = YES;
				CLANG_WARN_DEPRECATED_OBJC_IMPLEMENTATIONS = YES;
				CLANG_WARN_DIRECT_OBJC_ISA_USAGE = YES_ERROR;
				CLANG_WARN_DOCUMENTATION_COMMENTS = YES;
				CLANG_WARN_EMPTY_BODY = YES;
				CLANG_WARN_ENUM_CONVERSION = YES;
				CLANG_WARN_INFINITE_RECURSION = YES;
				CLANG_WARN_INT_CONVERSION = YES;
				CLANG_WARN_NON_LITERAL_NULL_CONVERSION = YES;
				CLANG_WARN_OBJC_IMPLICIT_RETAIN_SELF = YES;
				CLANG_WARN_OBJC_LITERAL_CONVERSION = YES;
				CLANG_WARN_OBJC_ROOT_CLASS = YES_ERROR;
				CLANG_WARN_QUOTED_INCLUDE_IN_FRAMEWORK_HEADER = YES;
				CLANG_WARN_RANGE_LOOP_ANALYSIS = YES;
				CLANG_WARN_STRICT_PROTOTYPES = YES;
				CLANG_WARN_SUSPICIOUS_MOVE = YES;
				CLANG_WARN_UNGUARDED_AVAILABILITY = YES_AGGRESSIVE;
				CLANG_WARN_UNREACHABLE_CODE = YES;
				CLANG_WARN__DUPLICATE_METHOD_MATCH = YES;
				COPY_PHASE_STRIP = NO;
				DEBUG_INFORMATION_FORMAT = "dwarf-with-dsym";
				ENABLE_NS_ASSERTIONS = NO;
				ENABLE_STRICT_OBJC_MSGSEND = YES;
				ENABLE_USER_SCRIPT_SANDBOXING = YES;
				GCC_C_LANGUAGE_STANDARD = gnu17;
				GCC_NO_COMMON_BLOCKS = YES;
				GCC_WARN_64_TO_32_BIT_CONVERSION = YES;
				GCC_WARN_ABOUT_RETURN_TYPE = YES_ERROR;
				GCC_WARN_UNDECLARED_SELECTOR = YES;
				GCC_WARN_UNINITIALIZED_AUTOS = YES_AGGRESSIVE;
				GCC_WARN_UNUSED_FUNCTION = YES;
				GCC_WARN_UNUSED_VARIABLE = YES;
				IPHONEOS_DEPLOYMENT_TARGET = 17.0;
				LOCALIZATION_PREFERS_STRING_CATALOGS = YES;
				MTL_ENABLE_DEBUG_INFO = NO;
				MTL_FAST_MATH = YES;
				SDKROOT = iphoneos;
				SWIFT_COMPILATION_MODE = wholemodule;
				VALIDATE_PRODUCT = YES;
			};
			name = Release;
		};
		3A35D1E42AFF887C00DE2294 /* Debug */ = {
			isa = XCBuildConfiguration;
			buildSettings = {
				ASSETCATALOG_COMPILER_APPICON_NAME = AppIcon;
				ASSETCATALOG_COMPILER_GLOBAL_ACCENT_COLOR_NAME = AccentColor;
				CODE_SIGN_STYLE = Automatic;
				CURRENT_PROJECT_VERSION = 1;
				DEVELOPMENT_TEAM = D5G8SK67F3;
				GENERATE_INFOPLIST_FILE = YES;
				INFOPLIST_FILE = HorizonPower/Info.plist;
				INFOPLIST_KEY_UIApplicationSupportsIndirectInputEvents = YES;
				INFOPLIST_KEY_UILaunchStoryboardName = LaunchScreen;
				INFOPLIST_KEY_UIMainStoryboardFile = Main;
				INFOPLIST_KEY_UISupportedInterfaceOrientations_iPad = "UIInterfaceOrientationPortrait UIInterfaceOrientationPortraitUpsideDown UIInterfaceOrientationLandscapeLeft UIInterfaceOrientationLandscapeRight";
				INFOPLIST_KEY_UISupportedInterfaceOrientations_iPhone = "UIInterfaceOrientationPortrait UIInterfaceOrientationLandscapeLeft UIInterfaceOrientationLandscapeRight";
				LD_RUNPATH_SEARCH_PATHS = (
					"$(inherited)",
					"@executable_path/Frameworks",
				);
				MARKETING_VERSION = 1.0;
				PRODUCT_BUNDLE_IDENTIFIER = com.df.HorizonPower;
				PRODUCT_NAME = "$(TARGET_NAME)";
				SWIFT_EMIT_LOC_STRINGS = YES;
				SWIFT_VERSION = 5.0;
				TARGETED_DEVICE_FAMILY = "1,2";
			};
			name = Debug;
		};
		3A35D1E52AFF887C00DE2294 /* Release */ = {
			isa = XCBuildConfiguration;
			buildSettings = {
				ASSETCATALOG_COMPILER_APPICON_NAME = AppIcon;
				ASSETCATALOG_COMPILER_GLOBAL_ACCENT_COLOR_NAME = AccentColor;
				CODE_SIGN_STYLE = Automatic;
				CURRENT_PROJECT_VERSION = 1;
				DEVELOPMENT_TEAM = D5G8SK67F3;
				GENERATE_INFOPLIST_FILE = YES;
				INFOPLIST_FILE = HorizonPower/Info.plist;
				INFOPLIST_KEY_UIApplicationSupportsIndirectInputEvents = YES;
				INFOPLIST_KEY_UILaunchStoryboardName = LaunchScreen;
				INFOPLIST_KEY_UIMainStoryboardFile = Main;
				INFOPLIST_KEY_UISupportedInterfaceOrientations_iPad = "UIInterfaceOrientationPortrait UIInterfaceOrientationPortraitUpsideDown UIInterfaceOrientationLandscapeLeft UIInterfaceOrientationLandscapeRight";
				INFOPLIST_KEY_UISupportedInterfaceOrientations_iPhone = "UIInterfaceOrientationPortrait UIInterfaceOrientationLandscapeLeft UIInterfaceOrientationLandscapeRight";
				LD_RUNPATH_SEARCH_PATHS = (
					"$(inherited)",
					"@executable_path/Frameworks",
				);
				MARKETING_VERSION = 1.0;
				PRODUCT_BUNDLE_IDENTIFIER = com.df.HorizonPower;
				PRODUCT_NAME = "$(TARGET_NAME)";
				SWIFT_EMIT_LOC_STRINGS = YES;
				SWIFT_VERSION = 5.0;
				TARGETED_DEVICE_FAMILY = "1,2";
			};
			name = Release;
		};
		3A35D1E72AFF887C00DE2294 /* Debug */ = {
			isa = XCBuildConfiguration;
			buildSettings = {
				ALWAYS_EMBED_SWIFT_STANDARD_LIBRARIES = YES;
				BUNDLE_LOADER = "$(TEST_HOST)";
				CODE_SIGN_STYLE = Automatic;
				CURRENT_PROJECT_VERSION = 1;
				DEVELOPMENT_TEAM = D5G8SK67F3;
				GENERATE_INFOPLIST_FILE = YES;
				IPHONEOS_DEPLOYMENT_TARGET = 17.0;
				MARKETING_VERSION = 1.0;
				PRODUCT_BUNDLE_IDENTIFIER = com.df.HorizonPowerTests;
				PRODUCT_NAME = "$(TARGET_NAME)";
				SWIFT_EMIT_LOC_STRINGS = NO;
				SWIFT_VERSION = 5.0;
				TARGETED_DEVICE_FAMILY = "1,2";
				TEST_HOST = "$(BUILT_PRODUCTS_DIR)/HorizonPower.app/$(BUNDLE_EXECUTABLE_FOLDER_PATH)/HorizonPower";
			};
			name = Debug;
		};
		3A35D1E82AFF887C00DE2294 /* Release */ = {
			isa = XCBuildConfiguration;
			buildSettings = {
				ALWAYS_EMBED_SWIFT_STANDARD_LIBRARIES = YES;
				BUNDLE_LOADER = "$(TEST_HOST)";
				CODE_SIGN_STYLE = Automatic;
				CURRENT_PROJECT_VERSION = 1;
				DEVELOPMENT_TEAM = D5G8SK67F3;
				GENERATE_INFOPLIST_FILE = YES;
				IPHONEOS_DEPLOYMENT_TARGET = 17.0;
				MARKETING_VERSION = 1.0;
				PRODUCT_BUNDLE_IDENTIFIER = com.df.HorizonPowerTests;
				PRODUCT_NAME = "$(TARGET_NAME)";
				SWIFT_EMIT_LOC_STRINGS = NO;
				SWIFT_VERSION = 5.0;
				TARGETED_DEVICE_FAMILY = "1,2";
				TEST_HOST = "$(BUILT_PRODUCTS_DIR)/HorizonPower.app/$(BUNDLE_EXECUTABLE_FOLDER_PATH)/HorizonPower";
			};
			name = Release;
		};
		3A35D1EA2AFF887C00DE2294 /* Debug */ = {
			isa = XCBuildConfiguration;
			buildSettings = {
				ALWAYS_EMBED_SWIFT_STANDARD_LIBRARIES = YES;
				CODE_SIGN_STYLE = Automatic;
				CURRENT_PROJECT_VERSION = 1;
				DEVELOPMENT_TEAM = D5G8SK67F3;
				GENERATE_INFOPLIST_FILE = YES;
				MARKETING_VERSION = 1.0;
				PRODUCT_BUNDLE_IDENTIFIER = com.df.HorizonPowerUITests;
				PRODUCT_NAME = "$(TARGET_NAME)";
				SWIFT_EMIT_LOC_STRINGS = NO;
				SWIFT_VERSION = 5.0;
				TARGETED_DEVICE_FAMILY = "1,2";
				TEST_TARGET_NAME = HorizonPower;
			};
			name = Debug;
		};
		3A35D1EB2AFF887C00DE2294 /* Release */ = {
			isa = XCBuildConfiguration;
			buildSettings = {
				ALWAYS_EMBED_SWIFT_STANDARD_LIBRARIES = YES;
				CODE_SIGN_STYLE = Automatic;
				CURRENT_PROJECT_VERSION = 1;
				DEVELOPMENT_TEAM = D5G8SK67F3;
				GENERATE_INFOPLIST_FILE = YES;
				MARKETING_VERSION = 1.0;
				PRODUCT_BUNDLE_IDENTIFIER = com.df.HorizonPowerUITests;
				PRODUCT_NAME = "$(TARGET_NAME)";
				SWIFT_EMIT_LOC_STRINGS = NO;
				SWIFT_VERSION = 5.0;
				TARGETED_DEVICE_FAMILY = "1,2";
				TEST_TARGET_NAME = HorizonPower;
			};
			name = Release;
		};
/* End XCBuildConfiguration section */

/* Begin XCConfigurationList section */
		3A35D1B42AFF887A00DE2294 /* Build configuration list for PBXProject "HorizonPower" */ = {
			isa = XCConfigurationList;
			buildConfigurations = (
				3A35D1E12AFF887C00DE2294 /* Debug */,
				3A35D1E22AFF887C00DE2294 /* Release */,
			);
			defaultConfigurationIsVisible = 0;
			defaultConfigurationName = Release;
		};
		3A35D1E32AFF887C00DE2294 /* Build configuration list for PBXNativeTarget "HorizonPower" */ = {
			isa = XCConfigurationList;
			buildConfigurations = (
				3A35D1E42AFF887C00DE2294 /* Debug */,
				3A35D1E52AFF887C00DE2294 /* Release */,
			);
			defaultConfigurationIsVisible = 0;
			defaultConfigurationName = Release;
		};
		3A35D1E62AFF887C00DE2294 /* Build configuration list for PBXNativeTarget "HorizonPowerTests" */ = {
			isa = XCConfigurationList;
			buildConfigurations = (
				3A35D1E72AFF887C00DE2294 /* Debug */,
				3A35D1E82AFF887C00DE2294 /* Release */,
			);
			defaultConfigurationIsVisible = 0;
			defaultConfigurationName = Release;
		};
		3A35D1E92AFF887C00DE2294 /* Build configuration list for PBXNativeTarget "HorizonPowerUITests" */ = {
			isa = XCConfigurationList;
			buildConfigurations = (
				3A35D1EA2AFF887C00DE2294 /* Debug */,
				3A35D1EB2AFF887C00DE2294 /* Release */,
			);
			defaultConfigurationIsVisible = 0;
			defaultConfigurationName = Release;
		};
/* End XCConfigurationList section */
	};
	rootObject = 3A35D1B12AFF887A00DE2294 /* Project object */;
}
